
Microsoft Visual Studio Solution File, Format Version 12.00
# Visual Studio Version 17
VisualStudioVersion = 17.9.34728.123
MinimumVisualStudioVersion = 10.0.40219.1
Project("{FAE04EC0-301F-11D3-BF4B-00C04F79EFBC}") = "BCryptUserPassword", "BCryptUserPassword\BCryptUserPassword.csproj", "{161BA2EE-68AE-4CF8-B49B-35B67B7FFB9B}"
EndProject
Project("{FAE04EC0-301F-11D3-BF4B-00C04F79EFBC}") = "Models", "Models\Models.csproj", "{25B32A73-B48D-4D93-B276-780F9D58E72D}"
EndProject
Project("{FAE04EC0-301F-11D3-BF4B-00C04F79EFBC}") = "BusinessLayer", "BusinessLayer\BusinessLayer.csproj", "{943A5D81-9644-4B75-A06E-914AFAAA2AA1}"
EndProject
Project("{FAE04EC0-301F-11D3-BF4B-00C04F79EFBC}") = "RepositoryLayer", "RepositoryLayer\RepositoryLayer.csproj", "{D13FE047-4A0E-443C-88A7-8FC3D4CC521D}"
EndProject
Global
	GlobalSection(SolutionConfigurationPlatforms) = preSolution
		Debug|Any CPU = Debug|Any CPU
		Release|Any CPU = Release|Any CPU
	EndGlobalSection
	GlobalSection(ProjectConfigurationPlatforms) = postSolution
		{161BA2EE-68AE-4CF8-B49B-35B67B7FFB9B}.Debug|Any CPU.ActiveCfg = Debug|Any CPU
		{161BA2EE-68AE-4CF8-B49B-35B67B7FFB9B}.Debug|Any CPU.Build.0 = Debug|Any CPU
		{161BA2EE-68AE-4CF8-B49B-35B67B7FFB9B}.Release|Any CPU.ActiveCfg = Release|Any CPU
		{161BA2EE-68AE-4CF8-B49B-35B67B7FFB9B}.Release|Any CPU.Build.0 = Release|Any CPU
		{25B32A73-B48D-4D93-B276-780F9D58E72D}.Debug|Any CPU.ActiveCfg = Debug|Any CPU
		{25B32A73-B48D-4D93-B276-780F9D58E72D}.Debug|Any CPU.Build.0 = Debug|Any CPU
		{25B32A73-B48D-4D93-B276-780F9D58E72D}.Release|Any CPU.ActiveCfg = Release|Any CPU
		{25B32A73-B48D-4D93-B276-780F9D58E72D}.Release|Any CPU.Build.0 = Release|Any CPU
		{943A5D81-9644-4B75-A06E-914AFAAA2AA1}.Debug|Any CPU.ActiveCfg = Debug|Any CPU
		{943A5D81-9644-4B75-A06E-914AFAAA2AA1}.Debug|Any CPU.Build.0 = Debug|Any CPU
		{943A5D81-9644-4B75-A06E-914AFAAA2AA1}.Release|Any CPU.ActiveCfg = Release|Any CPU
		{943A5D81-9644-4B75-A06E-914AFAAA2AA1}.Release|Any CPU.Build.0 = Release|Any CPU
		{D13FE047-4A0E-443C-88A7-8FC3D4CC521D}.Debug|Any CPU.ActiveCfg = Debug|Any CPU
		{D13FE047-4A0E-443C-88A7-8FC3D4CC521D}.Debug|Any CPU.Build.0 = Debug|Any CPU
		{D13FE047-4A0E-443C-88A7-8FC3D4CC521D}.Release|Any CPU.ActiveCfg = Release|Any CPU
		{D13FE047-4A0E-443C-88A7-8FC3D4CC521D}.Release|Any CPU.Build.0 = Release|Any CPU
	EndGlobalSection
	GlobalSection(SolutionProperties) = preSolution
		HideSolutionNode = FALSE
	EndGlobalSection
	GlobalSection(ExtensibilityGlobals) = postSolution
		SolutionGuid = {17140107-7DEE-4E2A-9972-C9CFBD3602D7}
	EndGlobalSection
EndGlobal
